
Microsoft Visual Studio Solution File, Format Version 12.00
# Visual Studio Version 16
VisualStudioVersion = 25.0.1705.2
MinimumVisualStudioVersion = 10.0.40219.1
Project("{FAE04EC0-301F-11D3-BF4B-00C04F79EFBC}") = "Messenger", "Messenger\Messenger.csproj", "{D9DB1EAD-ABCC-4A9C-B4F7-343833ED7EC8}"
EndProject
Global
	GlobalSection(SolutionConfigurationPlatforms) = preSolution
		Debug|Any CPU = Debug|Any CPU
		Release|Any CPU = Release|Any CPU
	EndGlobalSection
	GlobalSection(ProjectConfigurationPlatforms) = postSolution
		{D9DB1EAD-ABCC-4A9C-B4F7-343833ED7EC8}.Debug|Any CPU.ActiveCfg = Debug|Any CPU
		{D9DB1EAD-ABCC-4A9C-B4F7-343833ED7EC8}.Debug|Any CPU.Build.0 = Debug|Any CPU
		{D9DB1EAD-ABCC-4A9C-B4F7-343833ED7EC8}.Release|Any CPU.ActiveCfg = Release|Any CPU
		{D9DB1EAD-ABCC-4A9C-B4F7-343833ED7EC8}.Release|Any CPU.Build.0 = Release|Any CPU
	EndGlobalSection
	GlobalSection(SolutionProperties) = preSolution
		HideSolutionNode = FALSE
	EndGlobalSection
	GlobalSection(ExtensibilityGlobals) = postSolution
		SolutionGuid = {0583A4ED-A4BF-495C-BFF0-8229495045CB}
	EndGlobalSection
EndGlobal
